
Microsoft Visual Studio Solution File, Format Version 12.00
# Visual Studio 15
VisualStudioVersion = 15.0.26730.12
MinimumVisualStudioVersion = 10.0.40219.1
Project("{8BC9CEB8-8B4A-11D0-8D11-00A0C91BC942}") = "ch1", "ch1\ch1.vcxproj", "{B188A5D0-B9A2-4C7B-8704-D0F902F67EA8}"
EndProject
Project("{8BC9CEB8-8B4A-11D0-8D11-00A0C91BC942}") = "ch2", "ch2\ch2.vcxproj", "{AE6CD328-99E6-427B-B024-A3DA14EBA884}"
EndProject
Global
	GlobalSection(SolutionConfigurationPlatforms) = preSolution
		Debug|x64 = Debug|x64
		Debug|x86 = Debug|x86
		Release|x64 = Release|x64
		Release|x86 = Release|x86
	EndGlobalSection
	GlobalSection(ProjectConfigurationPlatforms) = postSolution
		{B188A5D0-B9A2-4C7B-8704-D0F902F67EA8}.Debug|x64.ActiveCfg = Debug|x64
		{B188A5D0-B9A2-4C7B-8704-D0F902F67EA8}.Debug|x64.Build.0 = Debug|x64
		{B188A5D0-B9A2-4C7B-8704-D0F902F67EA8}.Debug|x86.ActiveCfg = Debug|Win32
		{B188A5D0-B9A2-4C7B-8704-D0F902F67EA8}.Debug|x86.Build.0 = Debug|Win32
		{B188A5D0-B9A2-4C7B-8704-D0F902F67EA8}.Release|x64.ActiveCfg = Release|x64
		{B188A5D0-B9A2-4C7B-8704-D0F902F67EA8}.Release|x64.Build.0 = Release|x64
		{B188A5D0-B9A2-4C7B-8704-D0F902F67EA8}.Release|x86.ActiveCfg = Release|Win32
		{B188A5D0-B9A2-4C7B-8704-D0F902F67EA8}.Release|x86.Build.0 = Release|Win32
		{AE6CD328-99E6-427B-B024-A3DA14EBA884}.Debug|x64.ActiveCfg = Debug|x64
		{AE6CD328-99E6-427B-B024-A3DA14EBA884}.Debug|x64.Build.0 = Debug|x64
		{AE6CD328-99E6-427B-B024-A3DA14EBA884}.Debug|x86.ActiveCfg = Debug|Win32
		{AE6CD328-99E6-427B-B024-A3DA14EBA884}.Debug|x86.Build.0 = Debug|Win32
		{AE6CD328-99E6-427B-B024-A3DA14EBA884}.Release|x64.ActiveCfg = Release|x64
		{AE6CD328-99E6-427B-B024-A3DA14EBA884}.Release|x64.Build.0 = Release|x64
		{AE6CD328-99E6-427B-B024-A3DA14EBA884}.Release|x86.ActiveCfg = Release|Win32
		{AE6CD328-99E6-427B-B024-A3DA14EBA884}.Release|x86.Build.0 = Release|Win32
	EndGlobalSection
	GlobalSection(SolutionProperties) = preSolution
		HideSolutionNode = FALSE
	EndGlobalSection
	GlobalSection(ExtensibilityGlobals) = postSolution
		SolutionGuid = {8B11BC21-1E2F-40EE-BD34-528194EC009C}
	EndGlobalSection
EndGlobal
